
Microsoft Visual Studio Solution File, Format Version 12.00
# Visual Studio 15
Project("{FAE04EC0-301F-11D3-BF4B-00C04F79EFBC}") = "Assembly-CSharp", "Assembly-CSharp.csproj", "{AEC19AD3-26B4-19C2-7D96-A7C59B7C6A13}"
EndProject
Project("{FAE04EC0-301F-11D3-BF4B-00C04F79EFBC}") = "Assembly-CSharp-Editor", "Assembly-CSharp-Editor.csproj", "{BAF27CE3-FA2C-2260-DD3F-7F3C1670B0B1}"
EndProject
Global
	GlobalSection(SolutionConfigurationPlatforms) = preSolution
		Debug|Any CPU = Debug|Any CPU
		Release|Any CPU = Release|Any CPU
	EndGlobalSection
	GlobalSection(ProjectConfigurationPlatforms) = postSolution
		{AEC19AD3-26B4-19C2-7D96-A7C59B7C6A13}.Debug|Any CPU.ActiveCfg = Debug|Any CPU
		{AEC19AD3-26B4-19C2-7D96-A7C59B7C6A13}.Debug|Any CPU.Build.0 = Debug|Any CPU
		{AEC19AD3-26B4-19C2-7D96-A7C59B7C6A13}.Release|Any CPU.ActiveCfg = Release|Any CPU
		{AEC19AD3-26B4-19C2-7D96-A7C59B7C6A13}.Release|Any CPU.Build.0 = Release|Any CPU
		{BAF27CE3-FA2C-2260-DD3F-7F3C1670B0B1}.Debug|Any CPU.ActiveCfg = Debug|Any CPU
		{BAF27CE3-FA2C-2260-DD3F-7F3C1670B0B1}.Debug|Any CPU.Build.0 = Debug|Any CPU
		{BAF27CE3-FA2C-2260-DD3F-7F3C1670B0B1}.Release|Any CPU.ActiveCfg = Release|Any CPU
		{BAF27CE3-FA2C-2260-DD3F-7F3C1670B0B1}.Release|Any CPU.Build.0 = Release|Any CPU
	EndGlobalSection
	GlobalSection(SolutionProperties) = preSolution
		HideSolutionNode = FALSE
	EndGlobalSection
EndGlobal
