
Microsoft Visual Studio Solution File, Format Version 12.00
# Visual Studio 16
Project("{FAE04EC0-301F-11D3-BF4B-00C04F79EFBC}") = "SteamVR", "SteamVR.csproj", "{BA8C9AE2-2276-52F1-803B-5D58FA2687A1}"
EndProject
Project("{FAE04EC0-301F-11D3-BF4B-00C04F79EFBC}") = "SteamVR_Actions", "SteamVR_Actions.csproj", "{CEA396A0-F434-700F-7C13-1AC7213DB0F6}"
EndProject
Project("{FAE04EC0-301F-11D3-BF4B-00C04F79EFBC}") = "SteamVR_Editor", "SteamVR_Editor.csproj", "{14979FF2-560B-320F-56AC-851C54ADD03C}"
EndProject
Project("{FAE04EC0-301F-11D3-BF4B-00C04F79EFBC}") = "SteamVR_Input_Editor", "SteamVR_Input_Editor.csproj", "{A167918F-FC05-9C00-23A3-D6764D638697}"
EndProject
Project("{FAE04EC0-301F-11D3-BF4B-00C04F79EFBC}") = "SteamVR_Windows_EditorHelper", "SteamVR_Windows_EditorHelper.csproj", "{81B29862-F9FD-A203-2BBA-AB3AEFA046B2}"
EndProject
Global
	GlobalSection(SolutionConfigurationPlatforms) = preSolution
		Debug|Any CPU = Debug|Any CPU
		Release|Any CPU = Release|Any CPU
	EndGlobalSection
	GlobalSection(ProjectConfigurationPlatforms) = postSolution
		{BA8C9AE2-2276-52F1-803B-5D58FA2687A1}.Debug|Any CPU.ActiveCfg = Debug|Any CPU
		{BA8C9AE2-2276-52F1-803B-5D58FA2687A1}.Debug|Any CPU.Build.0 = Debug|Any CPU
		{BA8C9AE2-2276-52F1-803B-5D58FA2687A1}.Release|Any CPU.ActiveCfg = Release|Any CPU
		{BA8C9AE2-2276-52F1-803B-5D58FA2687A1}.Release|Any CPU.Build.0 = Release|Any CPU
		{CEA396A0-F434-700F-7C13-1AC7213DB0F6}.Debug|Any CPU.ActiveCfg = Debug|Any CPU
		{CEA396A0-F434-700F-7C13-1AC7213DB0F6}.Debug|Any CPU.Build.0 = Debug|Any CPU
		{CEA396A0-F434-700F-7C13-1AC7213DB0F6}.Release|Any CPU.ActiveCfg = Release|Any CPU
		{CEA396A0-F434-700F-7C13-1AC7213DB0F6}.Release|Any CPU.Build.0 = Release|Any CPU
		{14979FF2-560B-320F-56AC-851C54ADD03C}.Debug|Any CPU.ActiveCfg = Debug|Any CPU
		{14979FF2-560B-320F-56AC-851C54ADD03C}.Debug|Any CPU.Build.0 = Debug|Any CPU
		{14979FF2-560B-320F-56AC-851C54ADD03C}.Release|Any CPU.ActiveCfg = Release|Any CPU
		{14979FF2-560B-320F-56AC-851C54ADD03C}.Release|Any CPU.Build.0 = Release|Any CPU
		{A167918F-FC05-9C00-23A3-D6764D638697}.Debug|Any CPU.ActiveCfg = Debug|Any CPU
		{A167918F-FC05-9C00-23A3-D6764D638697}.Debug|Any CPU.Build.0 = Debug|Any CPU
		{A167918F-FC05-9C00-23A3-D6764D638697}.Release|Any CPU.ActiveCfg = Release|Any CPU
		{A167918F-FC05-9C00-23A3-D6764D638697}.Release|Any CPU.Build.0 = Release|Any CPU
		{81B29862-F9FD-A203-2BBA-AB3AEFA046B2}.Debug|Any CPU.ActiveCfg = Debug|Any CPU
		{81B29862-F9FD-A203-2BBA-AB3AEFA046B2}.Debug|Any CPU.Build.0 = Debug|Any CPU
		{81B29862-F9FD-A203-2BBA-AB3AEFA046B2}.Release|Any CPU.ActiveCfg = Release|Any CPU
		{81B29862-F9FD-A203-2BBA-AB3AEFA046B2}.Release|Any CPU.Build.0 = Release|Any CPU
	EndGlobalSection
	GlobalSection(SolutionProperties) = preSolution
		HideSolutionNode = FALSE
	EndGlobalSection
	GlobalSection(MonoDevelopProperties) = preSolution
		StartupItem = Assembly-CSharp.csproj
	EndGlobalSection
EndGlobal
